// !$*UTF8*$!
{
	archiveVersion = 1;
	classes = {
	};
	objectVersion = 55;
	objects = {

/* Begin PBXBuildFile section */
		F329C17029DE232300285C4D /* NewTransactionViewController.swift in Sources */ = {isa = PBXBuildFile; fileRef = F329C16F29DE232300285C4D /* NewTransactionViewController.swift */; };
		F377020529DCA2F000D06AF8 /* AppDelegate.swift in Sources */ = {isa = PBXBuildFile; fileRef = F377020429DCA2F000D06AF8 /* AppDelegate.swift */; };
		F377020729DCA2F000D06AF8 /* SceneDelegate.swift in Sources */ = {isa = PBXBuildFile; fileRef = F377020629DCA2F000D06AF8 /* SceneDelegate.swift */; };
		F377020929DCA2F000D06AF8 /* ViewController.swift in Sources */ = {isa = PBXBuildFile; fileRef = F377020829DCA2F000D06AF8 /* ViewController.swift */; };
		F377020C29DCA2F000D06AF8 /* Main.storyboard in Resources */ = {isa = PBXBuildFile; fileRef = F377020A29DCA2F000D06AF8 /* Main.storyboard */; };
		F377020E29DCA2F100D06AF8 /* Assets.xcassets in Resources */ = {isa = PBXBuildFile; fileRef = F377020D29DCA2F100D06AF8 /* Assets.xcassets */; };
		F377021129DCA2F100D06AF8 /* LaunchScreen.storyboard in Resources */ = {isa = PBXBuildFile; fileRef = F377020F29DCA2F100D06AF8 /* LaunchScreen.storyboard */; };
		F377021E29DCA36900D06AF8 /* Transaction.swift in Sources */ = {isa = PBXBuildFile; fileRef = F377021D29DCA36900D06AF8 /* Transaction.swift */; };
		F37F102629E21A80006675EE /* EasyExpense.db in Resources */ = {isa = PBXBuildFile; fileRef = F37F102529E21A80006675EE /* EasyExpense.db */; };
		F37F102829E21AE1006675EE /* ViewTransactionsViewController.swift in Sources */ = {isa = PBXBuildFile; fileRef = F37F102729E21AE1006675EE /* ViewTransactionsViewController.swift */; };
		F37F102C29E21EFB006675EE /* libsqlite3.0.tbd in Frameworks */ = {isa = PBXBuildFile; fileRef = F37F102A29E21EF2006675EE /* libsqlite3.0.tbd */; };
		F37F102D29E21EFB006675EE /* libsqlite3.tbd in Frameworks */ = {isa = PBXBuildFile; fileRef = F37F102B29E21EF2006675EE /* libsqlite3.tbd */; };
/* End PBXBuildFile section */

/* Begin PBXFileReference section */
		F329C16F29DE232300285C4D /* NewTransactionViewController.swift */ = {isa = PBXFileReference; lastKnownFileType = sourcecode.swift; path = NewTransactionViewController.swift; sourceTree = "<group>"; };
		F377020129DCA2F000D06AF8 /* ios-easy-expense.app */ = {isa = PBXFileReference; explicitFileType = wrapper.application; includeInIndex = 0; path = "ios-easy-expense.app"; sourceTree = BUILT_PRODUCTS_DIR; };
		F377020429DCA2F000D06AF8 /* AppDelegate.swift */ = {isa = PBXFileReference; lastKnownFileType = sourcecode.swift; path = AppDelegate.swift; sourceTree = "<group>"; };
		F377020629DCA2F000D06AF8 /* SceneDelegate.swift */ = {isa = PBXFileReference; lastKnownFileType = sourcecode.swift; path = SceneDelegate.swift; sourceTree = "<group>"; };
		F377020829DCA2F000D06AF8 /* ViewController.swift */ = {isa = PBXFileReference; lastKnownFileType = sourcecode.swift; path = ViewController.swift; sourceTree = "<group>"; };
		F377020B29DCA2F000D06AF8 /* Base */ = {isa = PBXFileReference; lastKnownFileType = file.storyboard; name = Base; path = Base.lproj/Main.storyboard; sourceTree = "<group>"; };
		F377020D29DCA2F100D06AF8 /* Assets.xcassets */ = {isa = PBXFileReference; lastKnownFileType = folder.assetcatalog; path = Assets.xcassets; sourceTree = "<group>"; };
		F377021029DCA2F100D06AF8 /* Base */ = {isa = PBXFileReference; lastKnownFileType = file.storyboard; name = Base; path = Base.lproj/LaunchScreen.storyboard; sourceTree = "<group>"; };
		F377021229DCA2F100D06AF8 /* Info.plist */ = {isa = PBXFileReference; lastKnownFileType = text.plist.xml; path = Info.plist; sourceTree = "<group>"; };
		F377021D29DCA36900D06AF8 /* Transaction.swift */ = {isa = PBXFileReference; lastKnownFileType = sourcecode.swift; path = Transaction.swift; sourceTree = "<group>"; };
		F37F102529E21A80006675EE /* EasyExpense.db */ = {isa = PBXFileReference; lastKnownFileType = file; path = EasyExpense.db; sourceTree = "<group>"; };
		F37F102729E21AE1006675EE /* ViewTransactionsViewController.swift */ = {isa = PBXFileReference; lastKnownFileType = sourcecode.swift; path = ViewTransactionsViewController.swift; sourceTree = "<group>"; };
		F37F102A29E21EF2006675EE /* libsqlite3.0.tbd */ = {isa = PBXFileReference; lastKnownFileType = "sourcecode.text-based-dylib-definition"; name = libsqlite3.0.tbd; path = usr/lib/libsqlite3.0.tbd; sourceTree = SDKROOT; };
		F37F102B29E21EF2006675EE /* libsqlite3.tbd */ = {isa = PBXFileReference; lastKnownFileType = "sourcecode.text-based-dylib-definition"; name = libsqlite3.tbd; path = usr/lib/libsqlite3.tbd; sourceTree = SDKROOT; };
/* End PBXFileReference section */

/* Begin PBXFrameworksBuildPhase section */
		F37701FE29DCA2F000D06AF8 /* Frameworks */ = {
			isa = PBXFrameworksBuildPhase;
			buildActionMask = 2147483647;
			files = (
				F37F102D29E21EFB006675EE /* libsqlite3.tbd in Frameworks */,
				F37F102C29E21EFB006675EE /* libsqlite3.0.tbd in Frameworks */,
			);
			runOnlyForDeploymentPostprocessing = 0;
		};
/* End PBXFrameworksBuildPhase section */

/* Begin PBXGroup section */
		F37701F829DCA2F000D06AF8 = {
			isa = PBXGroup;
			children = (
				F377020329DCA2F000D06AF8 /* ios-easy-expense */,
				F377020229DCA2F000D06AF8 /* Products */,
				F37F102929E21EF2006675EE /* Frameworks */,
			);
			sourceTree = "<group>";
		};
		F377020229DCA2F000D06AF8 /* Products */ = {
			isa = PBXGroup;
			children = (
				F377020129DCA2F000D06AF8 /* ios-easy-expense.app */,
			);
			name = Products;
			sourceTree = "<group>";
		};
		F377020329DCA2F000D06AF8 /* ios-easy-expense */ = {
			isa = PBXGroup;
			children = (
				F377021C29DCA33600D06AF8 /* View Controllers */,
				F377021B29DCA33000D06AF8 /* Classes */,
				F377021A29DCA32200D06AF8 /* Storyboards */,
				F377021929DCA31C00D06AF8 /* Images */,
				F377021829DCA31600D06AF8 /* Database */,
				F377021229DCA2F100D06AF8 /* Info.plist */,
			);
			path = "ios-easy-expense";
			sourceTree = "<group>";
		};
		F377021829DCA31600D06AF8 /* Database */ = {
			isa = PBXGroup;
			children = (
				F37F102529E21A80006675EE /* EasyExpense.db */,
			);
			path = Database;
			sourceTree = "<group>";
		};
		F377021929DCA31C00D06AF8 /* Images */ = {
			isa = PBXGroup;
			children = (
				F377020D29DCA2F100D06AF8 /* Assets.xcassets */,
			);
			path = Images;
			sourceTree = "<group>";
		};
		F377021A29DCA32200D06AF8 /* Storyboards */ = {
			isa = PBXGroup;
			children = (
				F377020F29DCA2F100D06AF8 /* LaunchScreen.storyboard */,
				F377020A29DCA2F000D06AF8 /* Main.storyboard */,
			);
			path = Storyboards;
			sourceTree = "<group>";
		};
		F377021B29DCA33000D06AF8 /* Classes */ = {
			isa = PBXGroup;
			children = (
				F377020629DCA2F000D06AF8 /* SceneDelegate.swift */,
				F377020429DCA2F000D06AF8 /* AppDelegate.swift */,
				F377021D29DCA36900D06AF8 /* Transaction.swift */,
				F329C16F29DE232300285C4D /* NewTransactionViewController.swift */,
				F37F102729E21AE1006675EE /* ViewTransactionsViewController.swift */,
			);
			path = Classes;
			sourceTree = "<group>";
		};
		F377021C29DCA33600D06AF8 /* View Controllers */ = {
			isa = PBXGroup;
			children = (
				F377020829DCA2F000D06AF8 /* ViewController.swift */,
			);
			path = "View Controllers";
			sourceTree = "<group>";
		};
		F37F102929E21EF2006675EE /* Frameworks */ = {
			isa = PBXGroup;
			children = (
				F37F102A29E21EF2006675EE /* libsqlite3.0.tbd */,
				F37F102B29E21EF2006675EE /* libsqlite3.tbd */,
			);
			name = Frameworks;
			sourceTree = "<group>";
		};
/* End PBXGroup section */

/* Begin PBXNativeTarget section */
		F377020029DCA2F000D06AF8 /* ios-easy-expense */ = {
			isa = PBXNativeTarget;
			buildConfigurationList = F377021529DCA2F100D06AF8 /* Build configuration list for PBXNativeTarget "ios-easy-expense" */;
			buildPhases = (
				F37701FD29DCA2F000D06AF8 /* Sources */,
				F37701FE29DCA2F000D06AF8 /* Frameworks */,
				F37701FF29DCA2F000D06AF8 /* Resources */,
			);
			buildRules = (
			);
			dependencies = (
			);
			name = "ios-easy-expense";
			productName = "ios-easy-expense";
			productReference = F377020129DCA2F000D06AF8 /* ios-easy-expense.app */;
			productType = "com.apple.product-type.application";
		};
/* End PBXNativeTarget section */

/* Begin PBXProject section */
		F37701F929DCA2F000D06AF8 /* Project object */ = {
			isa = PBXProject;
			attributes = {
				BuildIndependentTargetsInParallel = 1;
				LastSwiftUpdateCheck = 1320;
				LastUpgradeCheck = 1320;
				TargetAttributes = {
					F377020029DCA2F000D06AF8 = {
						CreatedOnToolsVersion = 13.2.1;
					};
				};
			};
			buildConfigurationList = F37701FC29DCA2F000D06AF8 /* Build configuration list for PBXProject "ios-easy-expense" */;
			compatibilityVersion = "Xcode 13.0";
			developmentRegion = en;
			hasScannedForEncodings = 0;
			knownRegions = (
				en,
				Base,
			);
			mainGroup = F37701F829DCA2F000D06AF8;
			productRefGroup = F377020229DCA2F000D06AF8 /* Products */;
			projectDirPath = "";
			projectRoot = "";
			targets = (
				F377020029DCA2F000D06AF8 /* ios-easy-expense */,
			);
		};
/* End PBXProject section */

/* Begin PBXResourcesBuildPhase section */
		F37701FF29DCA2F000D06AF8 /* Resources */ = {
			isa = PBXResourcesBuildPhase;
			buildActionMask = 2147483647;
			files = (
				F37F102629E21A80006675EE /* EasyExpense.db in Resources */,
				F377021129DCA2F100D06AF8 /* LaunchScreen.storyboard in Resources */,
				F377020E29DCA2F100D06AF8 /* Assets.xcassets in Resources */,
				F377020C29DCA2F000D06AF8 /* Main.storyboard in Resources */,
			);
			runOnlyForDeploymentPostprocessing = 0;
		};
/* End PBXResourcesBuildPhase section */

/* Begin PBXSourcesBuildPhase section */
		F37701FD29DCA2F000D06AF8 /* Sources */ = {
			isa = PBXSourcesBuildPhase;
			buildActionMask = 2147483647;
			files = (
				F377020929DCA2F000D06AF8 /* ViewController.swift in Sources */,
				F377020529DCA2F000D06AF8 /* AppDelegate.swift in Sources */,
				F37F102829E21AE1006675EE /* ViewTransactionsViewController.swift in Sources */,
				F377021E29DCA36900D06AF8 /* Transaction.swift in Sources */,
				F377020729DCA2F000D06AF8 /* SceneDelegate.swift in Sources */,
				F329C17029DE232300285C4D /* NewTransactionViewController.swift in Sources */,
			);
			runOnlyForDeploymentPostprocessing = 0;
		};
/* End PBXSourcesBuildPhase section */

/* Begin PBXVariantGroup section */
		F377020A29DCA2F000D06AF8 /* Main.storyboard */ = {
			isa = PBXVariantGroup;
			children = (
				F377020B29DCA2F000D06AF8 /* Base */,
			);
			name = Main.storyboard;
			sourceTree = "<group>";
		};
		F377020F29DCA2F100D06AF8 /* LaunchScreen.storyboard */ = {
			isa = PBXVariantGroup;
			children = (
				F377021029DCA2F100D06AF8 /* Base */,
			);
			name = LaunchScreen.storyboard;
			sourceTree = "<group>";
		};
/* End PBXVariantGroup section */

/* Begin XCBuildConfiguration section */
		F377021329DCA2F100D06AF8 /* Debug */ = {
			isa = XCBuildConfiguration;
			buildSettings = {
				ALWAYS_SEARCH_USER_PATHS = NO;
				CLANG_ANALYZER_NONNULL = YES;
				CLANG_ANALYZER_NUMBER_OBJECT_CONVERSION = YES_AGGRESSIVE;
				CLANG_CXX_LANGUAGE_STANDARD = "gnu++17";
				CLANG_CXX_LIBRARY = "libc++";
				CLANG_ENABLE_MODULES = YES;
				CLANG_ENABLE_OBJC_ARC = YES;
				CLANG_ENABLE_OBJC_WEAK = YES;
				CLANG_WARN_BLOCK_CAPTURE_AUTORELEASING = YES;
				CLANG_WARN_BOOL_CONVERSION = YES;
				CLANG_WARN_COMMA = YES;
				CLANG_WARN_CONSTANT_CONVERSION = YES;
				CLANG_WARN_DEPRECATED_OBJC_IMPLEMENTATIONS = YES;
				CLANG_WARN_DIRECT_OBJC_ISA_USAGE = YES_ERROR;
				CLANG_WARN_DOCUMENTATION_COMMENTS = YES;
				CLANG_WARN_EMPTY_BODY = YES;
				CLANG_WARN_ENUM_CONVERSION = YES;
				CLANG_WARN_INFINITE_RECURSION = YES;
				CLANG_WARN_INT_CONVERSION = YES;
				CLANG_WARN_NON_LITERAL_NULL_CONVERSION = YES;
				CLANG_WARN_OBJC_IMPLICIT_RETAIN_SELF = YES;
				CLANG_WARN_OBJC_LITERAL_CONVERSION = YES;
				CLANG_WARN_OBJC_ROOT_CLASS = YES_ERROR;
				CLANG_WARN_QUOTED_INCLUDE_IN_FRAMEWORK_HEADER = YES;
				CLANG_WARN_RANGE_LOOP_ANALYSIS = YES;
				CLANG_WARN_STRICT_PROTOTYPES = YES;
				CLANG_WARN_SUSPICIOUS_MOVE = YES;
				CLANG_WARN_UNGUARDED_AVAILABILITY = YES_AGGRESSIVE;
				CLANG_WARN_UNREACHABLE_CODE = YES;
				CLANG_WARN__DUPLICATE_METHOD_MATCH = YES;
				COPY_PHASE_STRIP = NO;
				DEBUG_INFORMATION_FORMAT = dwarf;
				ENABLE_STRICT_OBJC_MSGSEND = YES;
				ENABLE_TESTABILITY = YES;
				GCC_C_LANGUAGE_STANDARD = gnu11;
				GCC_DYNAMIC_NO_PIC = NO;
				GCC_NO_COMMON_BLOCKS = YES;
				GCC_OPTIMIZATION_LEVEL = 0;
				GCC_PREPROCESSOR_DEFINITIONS = (
					"DEBUG=1",
					"$(inherited)",
				);
				GCC_WARN_64_TO_32_BIT_CONVERSION = YES;
				GCC_WARN_ABOUT_RETURN_TYPE = YES_ERROR;
				GCC_WARN_UNDECLARED_SELECTOR = YES;
				GCC_WARN_UNINITIALIZED_AUTOS = YES_AGGRESSIVE;
				GCC_WARN_UNUSED_FUNCTION = YES;
				GCC_WARN_UNUSED_VARIABLE = YES;
				IPHONEOS_DEPLOYMENT_TARGET = 15.2;
				MTL_ENABLE_DEBUG_INFO = INCLUDE_SOURCE;
				MTL_FAST_MATH = YES;
				ONLY_ACTIVE_ARCH = YES;
				SDKROOT = iphoneos;
				SWIFT_ACTIVE_COMPILATION_CONDITIONS = DEBUG;
				SWIFT_OPTIMIZATION_LEVEL = "-Onone";
			};
			name = Debug;
		};
		F377021429DCA2F100D06AF8 /* Release */ = {
			isa = XCBuildConfiguration;
			buildSettings = {
				ALWAYS_SEARCH_USER_PATHS = NO;
				CLANG_ANALYZER_NONNULL = YES;
				CLANG_ANALYZER_NUMBER_OBJECT_CONVERSION = YES_AGGRESSIVE;
				CLANG_CXX_LANGUAGE_STANDARD = "gnu++17";
				CLANG_CXX_LIBRARY = "libc++";
				CLANG_ENABLE_MODULES = YES;
				CLANG_ENABLE_OBJC_ARC = YES;
				CLANG_ENABLE_OBJC_WEAK = YES;
				CLANG_WARN_BLOCK_CAPTURE_AUTORELEASING = YES;
				CLANG_WARN_BOOL_CONVERSION = YES;
				CLANG_WARN_COMMA = YES;
				CLANG_WARN_CONSTANT_CONVERSION = YES;
				CLANG_WARN_DEPRECATED_OBJC_IMPLEMENTATIONS = YES;
				CLANG_WARN_DIRECT_OBJC_ISA_USAGE = YES_ERROR;
				CLANG_WARN_DOCUMENTATION_COMMENTS = YES;
				CLANG_WARN_EMPTY_BODY = YES;
				CLANG_WARN_ENUM_CONVERSION = YES;
				CLANG_WARN_INFINITE_RECURSION = YES;
				CLANG_WARN_INT_CONVERSION = YES;
				CLANG_WARN_NON_LITERAL_NULL_CONVERSION = YES;
				CLANG_WARN_OBJC_IMPLICIT_RETAIN_SELF = YES;
				CLANG_WARN_OBJC_LITERAL_CONVERSION = YES;
				CLANG_WARN_OBJC_ROOT_CLASS = YES_ERROR;
				CLANG_WARN_QUOTED_INCLUDE_IN_FRAMEWORK_HEADER = YES;
				CLANG_WARN_RANGE_LOOP_ANALYSIS = YES;
				CLANG_WARN_STRICT_PROTOTYPES = YES;
				CLANG_WARN_SUSPICIOUS_MOVE = YES;
				CLANG_WARN_UNGUARDED_AVAILABILITY = YES_AGGRESSIVE;
				CLANG_WARN_UNREACHABLE_CODE = YES;
				CLANG_WARN__DUPLICATE_METHOD_MATCH = YES;
				COPY_PHASE_STRIP = NO;
				DEBUG_INFORMATION_FORMAT = "dwarf-with-dsym";
				ENABLE_NS_ASSERTIONS = NO;
				ENABLE_STRICT_OBJC_MSGSEND = YES;
				GCC_C_LANGUAGE_STANDARD = gnu11;
				GCC_NO_COMMON_BLOCKS = YES;
				GCC_WARN_64_TO_32_BIT_CONVERSION = YES;
				GCC_WARN_ABOUT_RETURN_TYPE = YES_ERROR;
				GCC_WARN_UNDECLARED_SELECTOR = YES;
				GCC_WARN_UNINITIALIZED_AUTOS = YES_AGGRESSIVE;
				GCC_WARN_UNUSED_FUNCTION = YES;
				GCC_WARN_UNUSED_VARIABLE = YES;
				IPHONEOS_DEPLOYMENT_TARGET = 15.2;
				MTL_ENABLE_DEBUG_INFO = NO;
				MTL_FAST_MATH = YES;
				SDKROOT = iphoneos;
				SWIFT_COMPILATION_MODE = wholemodule;
				SWIFT_OPTIMIZATION_LEVEL = "-O";
				VALIDATE_PRODUCT = YES;
			};
			name = Release;
		};
		F377021629DCA2F100D06AF8 /* Debug */ = {
			isa = XCBuildConfiguration;
			buildSettings = {
				ASSETCATALOG_COMPILER_APPICON_NAME = AppIcon;
				ASSETCATALOG_COMPILER_GLOBAL_ACCENT_COLOR_NAME = AccentColor;
				CODE_SIGN_STYLE = Automatic;
				CURRENT_PROJECT_VERSION = 1;
				DEVELOPMENT_TEAM = D48AVMMMLU;
				GENERATE_INFOPLIST_FILE = YES;
				INFOPLIST_FILE = "ios-easy-expense/Info.plist";
				INFOPLIST_KEY_UIApplicationSupportsIndirectInputEvents = YES;
				INFOPLIST_KEY_UILaunchStoryboardName = LaunchScreen;
				INFOPLIST_KEY_UIMainStoryboardFile = Main;
				INFOPLIST_KEY_UISupportedInterfaceOrientations_iPad = "UIInterfaceOrientationPortrait UIInterfaceOrientationPortraitUpsideDown UIInterfaceOrientationLandscapeLeft UIInterfaceOrientationLandscapeRight";
				INFOPLIST_KEY_UISupportedInterfaceOrientations_iPhone = "UIInterfaceOrientationPortrait UIInterfaceOrientationLandscapeLeft UIInterfaceOrientationLandscapeRight";
				LD_RUNPATH_SEARCH_PATHS = (
					"$(inherited)",
					"@executable_path/Frameworks",
				);
				MARKETING_VERSION = 1.0;
				PRODUCT_BUNDLE_IDENTIFIER = "VincentU.ios-easy-expense";
				PRODUCT_NAME = "$(TARGET_NAME)";
				SWIFT_EMIT_LOC_STRINGS = YES;
				SWIFT_VERSION = 5.0;
				TARGETED_DEVICE_FAMILY = "1,2";
			};
			name = Debug;
		};
		F377021729DCA2F100D06AF8 /* Release */ = {
			isa = XCBuildConfiguration;
			buildSettings = {
				ASSETCATALOG_COMPILER_APPICON_NAME = AppIcon;
				ASSETCATALOG_COMPILER_GLOBAL_ACCENT_COLOR_NAME = AccentColor;
				CODE_SIGN_STYLE = Automatic;
				CURRENT_PROJECT_VERSION = 1;
				DEVELOPMENT_TEAM = D48AVMMMLU;
				GENERATE_INFOPLIST_FILE = YES;
				INFOPLIST_FILE = "ios-easy-expense/Info.plist";
				INFOPLIST_KEY_UIApplicationSupportsIndirectInputEvents = YES;
				INFOPLIST_KEY_UILaunchStoryboardName = LaunchScreen;
				INFOPLIST_KEY_UIMainStoryboardFile = Main;
				INFOPLIST_KEY_UISupportedInterfaceOrientations_iPad = "UIInterfaceOrientationPortrait UIInterfaceOrientationPortraitUpsideDown UIInterfaceOrientationLandscapeLeft UIInterfaceOrientationLandscapeRight";
				INFOPLIST_KEY_UISupportedInterfaceOrientations_iPhone = "UIInterfaceOrientationPortrait UIInterfaceOrientationLandscapeLeft UIInterfaceOrientationLandscapeRight";
				LD_RUNPATH_SEARCH_PATHS = (
					"$(inherited)",
					"@executable_path/Frameworks",
				);
				MARKETING_VERSION = 1.0;
				PRODUCT_BUNDLE_IDENTIFIER = "VincentU.ios-easy-expense";
				PRODUCT_NAME = "$(TARGET_NAME)";
				SWIFT_EMIT_LOC_STRINGS = YES;
				SWIFT_VERSION = 5.0;
				TARGETED_DEVICE_FAMILY = "1,2";
			};
			name = Release;
		};
/* End XCBuildConfiguration section */

/* Begin XCConfigurationList section */
		F37701FC29DCA2F000D06AF8 /* Build configuration list for PBXProject "ios-easy-expense" */ = {
			isa = XCConfigurationList;
			buildConfigurations = (
				F377021329DCA2F100D06AF8 /* Debug */,
				F377021429DCA2F100D06AF8 /* Release */,
			);
			defaultConfigurationIsVisible = 0;
			defaultConfigurationName = Release;
		};
		F377021529DCA2F100D06AF8 /* Build configuration list for PBXNativeTarget "ios-easy-expense" */ = {
			isa = XCConfigurationList;
			buildConfigurations = (
				F377021629DCA2F100D06AF8 /* Debug */,
				F377021729DCA2F100D06AF8 /* Release */,
			);
			defaultConfigurationIsVisible = 0;
			defaultConfigurationName = Release;
		};
/* End XCConfigurationList section */
	};
	rootObject = F37701F929DCA2F000D06AF8 /* Project object */;
}
